
Microsoft Visual Studio Solution File, Format Version 12.00
# Visual Studio Version 16
VisualStudioVersion = 16.0.30011.22
MinimumVisualStudioVersion = 10.0.40219.1
Project("{FAE04EC0-301F-11D3-BF4B-00C04F79EFBC}") = "CRUD", "CRUD\CRUD.csproj", "{4AFA3EE0-65AD-41D9-BDE6-100814488D9D}"
EndProject
Global
	GlobalSection(SolutionConfigurationPlatforms) = preSolution
		Debug|Any CPU = Debug|Any CPU
		Release|Any CPU = Release|Any CPU
	EndGlobalSection
	GlobalSection(ProjectConfigurationPlatforms) = postSolution
		{4AFA3EE0-65AD-41D9-BDE6-100814488D9D}.Debug|Any CPU.ActiveCfg = Debug|Any CPU
		{4AFA3EE0-65AD-41D9-BDE6-100814488D9D}.Debug|Any CPU.Build.0 = Debug|Any CPU
		{4AFA3EE0-65AD-41D9-BDE6-100814488D9D}.Release|Any CPU.ActiveCfg = Release|Any CPU
		{4AFA3EE0-65AD-41D9-BDE6-100814488D9D}.Release|Any CPU.Build.0 = Release|Any CPU
	EndGlobalSection
	GlobalSection(SolutionProperties) = preSolution
		HideSolutionNode = FALSE
	EndGlobalSection
	GlobalSection(ExtensibilityGlobals) = postSolution
		SolutionGuid = {D350FCBE-1764-49A4-A0EA-D3C532FFF6A8}
	EndGlobalSection
EndGlobal
